Microsoft Visual Studio Solution File, Format Version 12.00
# Visual Studio Version 17
VisualStudioVersion = 17.5.2.0
MinimumVisualStudioVersion = 10.0.40219.1
Project("{FAE04EC0-301F-11D3-BF4B-00C04F79EFBC}") = "WebApp5ByKhagendra", "WebApp5ByKhagendra.csproj", "{D12F028F-3EFD-E80F-BCCF-C9E4A5E605D7}"
EndProject
Global
	GlobalSection(SolutionConfigurationPlatforms) = preSolution
		Debug|Any CPU = Debug|Any CPU
		Release|Any CPU = Release|Any CPU
	EndGlobalSection
	GlobalSection(ProjectConfigurationPlatforms) = postSolution
		{D12F028F-3EFD-E80F-BCCF-C9E4A5E605D7}.Debug|Any CPU.ActiveCfg = Debug|Any CPU
		{D12F028F-3EFD-E80F-BCCF-C9E4A5E605D7}.Debug|Any CPU.Build.0 = Debug|Any CPU
		{D12F028F-3EFD-E80F-BCCF-C9E4A5E605D7}.Release|Any CPU.ActiveCfg = Release|Any CPU
		{D12F028F-3EFD-E80F-BCCF-C9E4A5E605D7}.Release|Any CPU.Build.0 = Release|Any CPU
	EndGlobalSection
	GlobalSection(SolutionProperties) = preSolution
		HideSolutionNode = FALSE
	EndGlobalSection
	GlobalSection(ExtensibilityGlobals) = postSolution
		SolutionGuid = {60801D9C-2A0C-45FA-8AA3-D636FE4A96B7}
	EndGlobalSection
EndGlobal
